// !$*UTF8*$!
{
	archiveVersion = 1;
	classes = {
	};
	objectVersion = 55;
	objects = {

/* Begin PBXBuildFile section */
		742F59562B0BA5FE00BB764B /* ContentViewThree.swift in Sources */ = {isa = PBXBuildFile; fileRef = 742F59552B0BA5FE00BB764B /* ContentViewThree.swift */; };
		742F59582B0BA63D00BB764B /* RelationDataController.swift in Sources */ = {isa = PBXBuildFile; fileRef = 742F59572B0BA63D00BB764B /* RelationDataController.swift */; };
		742F595B2B0BA6AF00BB764B /* RelationCoreData.xcdatamodeld in Sources */ = {isa = PBXBuildFile; fileRef = 742F59592B0BA6AF00BB764B /* RelationCoreData.xcdatamodeld */; };
		742F59602B0BA81D00BB764B /* Candy+CoreDataClass.swift in Sources */ = {isa = PBXBuildFile; fileRef = 742F595C2B0BA81D00BB764B /* Candy+CoreDataClass.swift */; };
		742F59612B0BA81D00BB764B /* Candy+CoreDataProperties.swift in Sources */ = {isa = PBXBuildFile; fileRef = 742F595D2B0BA81D00BB764B /* Candy+CoreDataProperties.swift */; };
		742F59622B0BA81D00BB764B /* Country+CoreDataClass.swift in Sources */ = {isa = PBXBuildFile; fileRef = 742F595E2B0BA81D00BB764B /* Country+CoreDataClass.swift */; };
		742F59632B0BA81D00BB764B /* Country+CoreDataProperties.swift in Sources */ = {isa = PBXBuildFile; fileRef = 742F595F2B0BA81D00BB764B /* Country+CoreDataProperties.swift */; };
		744DE32D2B0A400100EE4BAB /* CoreDataProjectApp.swift in Sources */ = {isa = PBXBuildFile; fileRef = 744DE32C2B0A400100EE4BAB /* CoreDataProjectApp.swift */; };
		744DE32F2B0A400100EE4BAB /* ContentView.swift in Sources */ = {isa = PBXBuildFile; fileRef = 744DE32E2B0A400100EE4BAB /* ContentView.swift */; };
		744DE3312B0A400200EE4BAB /* Assets.xcassets in Resources */ = {isa = PBXBuildFile; fileRef = 744DE3302B0A400200EE4BAB /* Assets.xcassets */; };
		744DE3342B0A400200EE4BAB /* Preview Assets.xcassets in Resources */ = {isa = PBXBuildFile; fileRef = 744DE3332B0A400200EE4BAB /* Preview Assets.xcassets */; };
		744DE33C2B0A532D00EE4BAB /* CoreDataProject.xcdatamodeld in Sources */ = {isa = PBXBuildFile; fileRef = 744DE33A2B0A532D00EE4BAB /* CoreDataProject.xcdatamodeld */; };
		744DE3422B0A967D00EE4BAB /* DataController.swift in Sources */ = {isa = PBXBuildFile; fileRef = 744DE3412B0A967D00EE4BAB /* DataController.swift */; };
		744DE3442B0A9CAC00EE4BAB /* FilterView.swift in Sources */ = {isa = PBXBuildFile; fileRef = 744DE3432B0A9CAC00EE4BAB /* FilterView.swift */; };
		744DE3472B0AAD7000EE4BAB /* ContentViewTwo.swift in Sources */ = {isa = PBXBuildFile; fileRef = 744DE3462B0AAD7000EE4BAB /* ContentViewTwo.swift */; };
		744DE34A2B0AADE800EE4BAB /* Singer+CoreDataClass.swift in Sources */ = {isa = PBXBuildFile; fileRef = 744DE3482B0AADE800EE4BAB /* Singer+CoreDataClass.swift */; };
		744DE34B2B0AADE800EE4BAB /* Singer+CoreDataProperties.swift in Sources */ = {isa = PBXBuildFile; fileRef = 744DE3492B0AADE800EE4BAB /* Singer+CoreDataProperties.swift */; };
		744DE34D2B0AAE1C00EE4BAB /* NewDataController.swift in Sources */ = {isa = PBXBuildFile; fileRef = 744DE34C2B0AAE1C00EE4BAB /* NewDataController.swift */; };
		744DE34F2B0AB15000EE4BAB /* FilteredList.swift in Sources */ = {isa = PBXBuildFile; fileRef = 744DE34E2B0AB15000EE4BAB /* FilteredList.swift */; };
/* End PBXBuildFile section */

/* Begin PBXFileReference section */
		742F59552B0BA5FE00BB764B /* ContentViewThree.swift */ = {isa = PBXFileReference; lastKnownFileType = sourcecode.swift; path = ContentViewThree.swift; sourceTree = "<group>"; };
		742F59572B0BA63D00BB764B /* RelationDataController.swift */ = {isa = PBXFileReference; lastKnownFileType = sourcecode.swift; path = RelationDataController.swift; sourceTree = "<group>"; };
		742F595A2B0BA6AF00BB764B /* RelationCoreData.xcdatamodel */ = {isa = PBXFileReference; lastKnownFileType = wrapper.xcdatamodel; path = RelationCoreData.xcdatamodel; sourceTree = "<group>"; };
		742F595C2B0BA81D00BB764B /* Candy+CoreDataClass.swift */ = {isa = PBXFileReference; lastKnownFileType = sourcecode.swift; path = "Candy+CoreDataClass.swift"; sourceTree = SOURCE_ROOT; };
		742F595D2B0BA81D00BB764B /* Candy+CoreDataProperties.swift */ = {isa = PBXFileReference; lastKnownFileType = sourcecode.swift; path = "Candy+CoreDataProperties.swift"; sourceTree = SOURCE_ROOT; };
		742F595E2B0BA81D00BB764B /* Country+CoreDataClass.swift */ = {isa = PBXFileReference; lastKnownFileType = sourcecode.swift; path = "Country+CoreDataClass.swift"; sourceTree = SOURCE_ROOT; };
		742F595F2B0BA81D00BB764B /* Country+CoreDataProperties.swift */ = {isa = PBXFileReference; lastKnownFileType = sourcecode.swift; path = "Country+CoreDataProperties.swift"; sourceTree = SOURCE_ROOT; };
		744DE3292B0A400100EE4BAB /* CoreDataProject.app */ = {isa = PBXFileReference; explicitFileType = wrapper.application; includeInIndex = 0; path = CoreDataProject.app; sourceTree = BUILT_PRODUCTS_DIR; };
		744DE32C2B0A400100EE4BAB /* CoreDataProjectApp.swift */ = {isa = PBXFileReference; lastKnownFileType = sourcecode.swift; path = CoreDataProjectApp.swift; sourceTree = "<group>"; };
		744DE32E2B0A400100EE4BAB /* ContentView.swift */ = {isa = PBXFileReference; lastKnownFileType = sourcecode.swift; path = ContentView.swift; sourceTree = "<group>"; };
		744DE3302B0A400200EE4BAB /* Assets.xcassets */ = {isa = PBXFileReference; lastKnownFileType = folder.assetcatalog; path = Assets.xcassets; sourceTree = "<group>"; };
		744DE3332B0A400200EE4BAB /* Preview Assets.xcassets */ = {isa = PBXFileReference; lastKnownFileType = folder.assetcatalog; path = "Preview Assets.xcassets"; sourceTree = "<group>"; };
		744DE33B2B0A532D00EE4BAB /* CoreDataProject.xcdatamodel */ = {isa = PBXFileReference; lastKnownFileType = wrapper.xcdatamodel; path = CoreDataProject.xcdatamodel; sourceTree = "<group>"; };
		744DE3412B0A967D00EE4BAB /* DataController.swift */ = {isa = PBXFileReference; lastKnownFileType = sourcecode.swift; path = DataController.swift; sourceTree = "<group>"; };
		744DE3432B0A9CAC00EE4BAB /* FilterView.swift */ = {isa = PBXFileReference; lastKnownFileType = sourcecode.swift; path = FilterView.swift; sourceTree = "<group>"; };
		744DE3462B0AAD7000EE4BAB /* ContentViewTwo.swift */ = {isa = PBXFileReference; lastKnownFileType = sourcecode.swift; path = ContentViewTwo.swift; sourceTree = "<group>"; };
		744DE3482B0AADE800EE4BAB /* Singer+CoreDataClass.swift */ = {isa = PBXFileReference; lastKnownFileType = sourcecode.swift; path = "Singer+CoreDataClass.swift"; sourceTree = SOURCE_ROOT; };
		744DE3492B0AADE800EE4BAB /* Singer+CoreDataProperties.swift */ = {isa = PBXFileReference; lastKnownFileType = sourcecode.swift; path = "Singer+CoreDataProperties.swift"; sourceTree = SOURCE_ROOT; };
		744DE34C2B0AAE1C00EE4BAB /* NewDataController.swift */ = {isa = PBXFileReference; lastKnownFileType = sourcecode.swift; path = NewDataController.swift; sourceTree = "<group>"; };
		744DE34E2B0AB15000EE4BAB /* FilteredList.swift */ = {isa = PBXFileReference; lastKnownFileType = sourcecode.swift; path = FilteredList.swift; sourceTree = "<group>"; };
/* End PBXFileReference section */

/* Begin PBXFrameworksBuildPhase section */
		744DE3262B0A400100EE4BAB /* Frameworks */ = {
			isa = PBXFrameworksBuildPhase;
			buildActionMask = 2147483647;
			files = (
			);
			runOnlyForDeploymentPostprocessing = 0;
		};
/* End PBXFrameworksBuildPhase section */

/* Begin PBXGroup section */
		742F59542B0BA5C400BB764B /* CoreDataRelation */ = {
			isa = PBXGroup;
			children = (
				742F595C2B0BA81D00BB764B /* Candy+CoreDataClass.swift */,
				742F595D2B0BA81D00BB764B /* Candy+CoreDataProperties.swift */,
				742F595E2B0BA81D00BB764B /* Country+CoreDataClass.swift */,
				742F595F2B0BA81D00BB764B /* Country+CoreDataProperties.swift */,
				742F59552B0BA5FE00BB764B /* ContentViewThree.swift */,
				742F59572B0BA63D00BB764B /* RelationDataController.swift */,
				742F59592B0BA6AF00BB764B /* RelationCoreData.xcdatamodeld */,
			);
			path = CoreDataRelation;
			sourceTree = "<group>";
		};
		744DE3202B0A400100EE4BAB = {
			isa = PBXGroup;
			children = (
				744DE32B2B0A400100EE4BAB /* CoreDataProject */,
				744DE32A2B0A400100EE4BAB /* Products */,
			);
			sourceTree = "<group>";
		};
		744DE32A2B0A400100EE4BAB /* Products */ = {
			isa = PBXGroup;
			children = (
				744DE3292B0A400100EE4BAB /* CoreDataProject.app */,
			);
			name = Products;
			sourceTree = "<group>";
		};
		744DE32B2B0A400100EE4BAB /* CoreDataProject */ = {
			isa = PBXGroup;
			children = (
				744DE32C2B0A400100EE4BAB /* CoreDataProjectApp.swift */,
				744DE32E2B0A400100EE4BAB /* ContentView.swift */,
				744DE3432B0A9CAC00EE4BAB /* FilterView.swift */,
				744DE3412B0A967D00EE4BAB /* DataController.swift */,
				742F59542B0BA5C400BB764B /* CoreDataRelation */,
				744DE3452B0AAD3000EE4BAB /* FilterData */,
				744DE33A2B0A532D00EE4BAB /* CoreDataProject.xcdatamodeld */,
				744DE3302B0A400200EE4BAB /* Assets.xcassets */,
				744DE3322B0A400200EE4BAB /* Preview Content */,
			);
			path = CoreDataProject;
			sourceTree = "<group>";
		};
		744DE3322B0A400200EE4BAB /* Preview Content */ = {
			isa = PBXGroup;
			children = (
				744DE3332B0A400200EE4BAB /* Preview Assets.xcassets */,
			);
			path = "Preview Content";
			sourceTree = "<group>";
		};
		744DE3452B0AAD3000EE4BAB /* FilterData */ = {
			isa = PBXGroup;
			children = (
				744DE3482B0AADE800EE4BAB /* Singer+CoreDataClass.swift */,
				744DE3492B0AADE800EE4BAB /* Singer+CoreDataProperties.swift */,
				744DE3462B0AAD7000EE4BAB /* ContentViewTwo.swift */,
				744DE34E2B0AB15000EE4BAB /* FilteredList.swift */,
				744DE34C2B0AAE1C00EE4BAB /* NewDataController.swift */,
			);
			path = FilterData;
			sourceTree = "<group>";
		};
/* End PBXGroup section */

/* Begin PBXNativeTarget section */
		744DE3282B0A400100EE4BAB /* CoreDataProject */ = {
			isa = PBXNativeTarget;
			buildConfigurationList = 744DE3372B0A400200EE4BAB /* Build configuration list for PBXNativeTarget "CoreDataProject" */;
			buildPhases = (
				744DE3252B0A400100EE4BAB /* Sources */,
				744DE3262B0A400100EE4BAB /* Frameworks */,
				744DE3272B0A400100EE4BAB /* Resources */,
			);
			buildRules = (
			);
			dependencies = (
			);
			name = CoreDataProject;
			productName = CoreDataProject;
			productReference = 744DE3292B0A400100EE4BAB /* CoreDataProject.app */;
			productType = "com.apple.product-type.application";
		};
/* End PBXNativeTarget section */

/* Begin PBXProject section */
		744DE3212B0A400100EE4BAB /* Project object */ = {
			isa = PBXProject;
			attributes = {
				BuildIndependentTargetsInParallel = 1;
				LastSwiftUpdateCheck = 1320;
				LastUpgradeCheck = 1320;
				TargetAttributes = {
					744DE3282B0A400100EE4BAB = {
						CreatedOnToolsVersion = 13.2.1;
					};
				};
			};
			buildConfigurationList = 744DE3242B0A400100EE4BAB /* Build configuration list for PBXProject "CoreDataProject" */;
			compatibilityVersion = "Xcode 13.0";
			developmentRegion = en;
			hasScannedForEncodings = 0;
			knownRegions = (
				en,
				Base,
			);
			mainGroup = 744DE3202B0A400100EE4BAB;
			productRefGroup = 744DE32A2B0A400100EE4BAB /* Products */;
			projectDirPath = "";
			projectRoot = "";
			targets = (
				744DE3282B0A400100EE4BAB /* CoreDataProject */,
			);
		};
/* End PBXProject section */

/* Begin PBXResourcesBuildPhase section */
		744DE3272B0A400100EE4BAB /* Resources */ = {
			isa = PBXResourcesBuildPhase;
			buildActionMask = 2147483647;
			files = (
				744DE3342B0A400200EE4BAB /* Preview Assets.xcassets in Resources */,
				744DE3312B0A400200EE4BAB /* Assets.xcassets in Resources */,
			);
			runOnlyForDeploymentPostprocessing = 0;
		};
/* End PBXResourcesBuildPhase section */

/* Begin PBXSourcesBuildPhase section */
		744DE3252B0A400100EE4BAB /* Sources */ = {
			isa = PBXSourcesBuildPhase;
			buildActionMask = 2147483647;
			files = (
				742F595B2B0BA6AF00BB764B /* RelationCoreData.xcdatamodeld in Sources */,
				744DE34A2B0AADE800EE4BAB /* Singer+CoreDataClass.swift in Sources */,
				744DE34D2B0AAE1C00EE4BAB /* NewDataController.swift in Sources */,
				744DE34F2B0AB15000EE4BAB /* FilteredList.swift in Sources */,
				744DE3442B0A9CAC00EE4BAB /* FilterView.swift in Sources */,
				744DE3422B0A967D00EE4BAB /* DataController.swift in Sources */,
				742F59612B0BA81D00BB764B /* Candy+CoreDataProperties.swift in Sources */,
				744DE32F2B0A400100EE4BAB /* ContentView.swift in Sources */,
				744DE3472B0AAD7000EE4BAB /* ContentViewTwo.swift in Sources */,
				742F59632B0BA81D00BB764B /* Country+CoreDataProperties.swift in Sources */,
				742F59582B0BA63D00BB764B /* RelationDataController.swift in Sources */,
				744DE34B2B0AADE800EE4BAB /* Singer+CoreDataProperties.swift in Sources */,
				744DE32D2B0A400100EE4BAB /* CoreDataProjectApp.swift in Sources */,
				744DE33C2B0A532D00EE4BAB /* CoreDataProject.xcdatamodeld in Sources */,
				742F59562B0BA5FE00BB764B /* ContentViewThree.swift in Sources */,
				742F59622B0BA81D00BB764B /* Country+CoreDataClass.swift in Sources */,
				742F59602B0BA81D00BB764B /* Candy+CoreDataClass.swift in Sources */,
			);
			runOnlyForDeploymentPostprocessing = 0;
		};
/* End PBXSourcesBuildPhase section */

/* Begin XCBuildConfiguration section */
		744DE3352B0A400200EE4BAB /* Debug */ = {
			isa = XCBuildConfiguration;
			buildSettings = {
				ALWAYS_SEARCH_USER_PATHS = NO;
				CLANG_ANALYZER_NONNULL = YES;
				CLANG_ANALYZER_NUMBER_OBJECT_CONVERSION = YES_AGGRESSIVE;
				CLANG_CXX_LANGUAGE_STANDARD = "gnu++17";
				CLANG_CXX_LIBRARY = "libc++";
				CLANG_ENABLE_MODULES = YES;
				CLANG_ENABLE_OBJC_ARC = YES;
				CLANG_ENABLE_OBJC_WEAK = YES;
				CLANG_WARN_BLOCK_CAPTURE_AUTORELEASING = YES;
				CLANG_WARN_BOOL_CONVERSION = YES;
				CLANG_WARN_COMMA = YES;
				CLANG_WARN_CONSTANT_CONVERSION = YES;
				CLANG_WARN_DEPRECATED_OBJC_IMPLEMENTATIONS = YES;
				CLANG_WARN_DIRECT_OBJC_ISA_USAGE = YES_ERROR;
				CLANG_WARN_DOCUMENTATION_COMMENTS = YES;
				CLANG_WARN_EMPTY_BODY = YES;
				CLANG_WARN_ENUM_CONVERSION = YES;
				CLANG_WARN_INFINITE_RECURSION = YES;
				CLANG_WARN_INT_CONVERSION = YES;
				CLANG_WARN_NON_LITERAL_NULL_CONVERSION = YES;
				CLANG_WARN_OBJC_IMPLICIT_RETAIN_SELF = YES;
				CLANG_WARN_OBJC_LITERAL_CONVERSION = YES;
				CLANG_WARN_OBJC_ROOT_CLASS = YES_ERROR;
				CLANG_WARN_QUOTED_INCLUDE_IN_FRAMEWORK_HEADER = YES;
				CLANG_WARN_RANGE_LOOP_ANALYSIS = YES;
				CLANG_WARN_STRICT_PROTOTYPES = YES;
				CLANG_WARN_SUSPICIOUS_MOVE = YES;
				CLANG_WARN_UNGUARDED_AVAILABILITY = YES_AGGRESSIVE;
				CLANG_WARN_UNREACHABLE_CODE = YES;
				CLANG_WARN__DUPLICATE_METHOD_MATCH = YES;
				COPY_PHASE_STRIP = NO;
				DEBUG_INFORMATION_FORMAT = dwarf;
				ENABLE_STRICT_OBJC_MSGSEND = YES;
				ENABLE_TESTABILITY = YES;
				GCC_C_LANGUAGE_STANDARD = gnu11;
				GCC_DYNAMIC_NO_PIC = NO;
				GCC_NO_COMMON_BLOCKS = YES;
				GCC_OPTIMIZATION_LEVEL = 0;
				GCC_PREPROCESSOR_DEFINITIONS = (
					"DEBUG=1",
					"$(inherited)",
				);
				GCC_WARN_64_TO_32_BIT_CONVERSION = YES;
				GCC_WARN_ABOUT_RETURN_TYPE = YES_ERROR;
				GCC_WARN_UNDECLARED_SELECTOR = YES;
				GCC_WARN_UNINITIALIZED_AUTOS = YES_AGGRESSIVE;
				GCC_WARN_UNUSED_FUNCTION = YES;
				GCC_WARN_UNUSED_VARIABLE = YES;
				IPHONEOS_DEPLOYMENT_TARGET = 15.2;
				MTL_ENABLE_DEBUG_INFO = INCLUDE_SOURCE;
				MTL_FAST_MATH = YES;
				ONLY_ACTIVE_ARCH = YES;
				SDKROOT = iphoneos;
				SWIFT_ACTIVE_COMPILATION_CONDITIONS = DEBUG;
				SWIFT_OPTIMIZATION_LEVEL = "-Onone";
			};
			name = Debug;
		};
		744DE3362B0A400200EE4BAB /* Release */ = {
			isa = XCBuildConfiguration;
			buildSettings = {
				ALWAYS_SEARCH_USER_PATHS = NO;
				CLANG_ANALYZER_NONNULL = YES;
				CLANG_ANALYZER_NUMBER_OBJECT_CONVERSION = YES_AGGRESSIVE;
				CLANG_CXX_LANGUAGE_STANDARD = "gnu++17";
				CLANG_CXX_LIBRARY = "libc++";
				CLANG_ENABLE_MODULES = YES;
				CLANG_ENABLE_OBJC_ARC = YES;
				CLANG_ENABLE_OBJC_WEAK = YES;
				CLANG_WARN_BLOCK_CAPTURE_AUTORELEASING = YES;
				CLANG_WARN_BOOL_CONVERSION = YES;
				CLANG_WARN_COMMA = YES;
				CLANG_WARN_CONSTANT_CONVERSION = YES;
				CLANG_WARN_DEPRECATED_OBJC_IMPLEMENTATIONS = YES;
				CLANG_WARN_DIRECT_OBJC_ISA_USAGE = YES_ERROR;
				CLANG_WARN_DOCUMENTATION_COMMENTS = YES;
				CLANG_WARN_EMPTY_BODY = YES;
				CLANG_WARN_ENUM_CONVERSION = YES;
				CLANG_WARN_INFINITE_RECURSION = YES;
				CLANG_WARN_INT_CONVERSION = YES;
				CLANG_WARN_NON_LITERAL_NULL_CONVERSION = YES;
				CLANG_WARN_OBJC_IMPLICIT_RETAIN_SELF = YES;
				CLANG_WARN_OBJC_LITERAL_CONVERSION = YES;
				CLANG_WARN_OBJC_ROOT_CLASS = YES_ERROR;
				CLANG_WARN_QUOTED_INCLUDE_IN_FRAMEWORK_HEADER = YES;
				CLANG_WARN_RANGE_LOOP_ANALYSIS = YES;
				CLANG_WARN_STRICT_PROTOTYPES = YES;
				CLANG_WARN_SUSPICIOUS_MOVE = YES;
				CLANG_WARN_UNGUARDED_AVAILABILITY = YES_AGGRESSIVE;
				CLANG_WARN_UNREACHABLE_CODE = YES;
				CLANG_WARN__DUPLICATE_METHOD_MATCH = YES;
				COPY_PHASE_STRIP = NO;
				DEBUG_INFORMATION_FORMAT = "dwarf-with-dsym";
				ENABLE_NS_ASSERTIONS = NO;
				ENABLE_STRICT_OBJC_MSGSEND = YES;
				GCC_C_LANGUAGE_STANDARD = gnu11;
				GCC_NO_COMMON_BLOCKS = YES;
				GCC_WARN_64_TO_32_BIT_CONVERSION = YES;
				GCC_WARN_ABOUT_RETURN_TYPE = YES_ERROR;
				GCC_WARN_UNDECLARED_SELECTOR = YES;
				GCC_WARN_UNINITIALIZED_AUTOS = YES_AGGRESSIVE;
				GCC_WARN_UNUSED_FUNCTION = YES;
				GCC_WARN_UNUSED_VARIABLE = YES;
				IPHONEOS_DEPLOYMENT_TARGET = 15.2;
				MTL_ENABLE_DEBUG_INFO = NO;
				MTL_FAST_MATH = YES;
				SDKROOT = iphoneos;
				SWIFT_COMPILATION_MODE = wholemodule;
				SWIFT_OPTIMIZATION_LEVEL = "-O";
				VALIDATE_PRODUCT = YES;
			};
			name = Release;
		};
		744DE3382B0A400200EE4BAB /* Debug */ = {
			isa = XCBuildConfiguration;
			buildSettings = {
				ASSETCATALOG_COMPILER_APPICON_NAME = AppIcon;
				ASSETCATALOG_COMPILER_GLOBAL_ACCENT_COLOR_NAME = AccentColor;
				CODE_SIGN_STYLE = Automatic;
				CURRENT_PROJECT_VERSION = 1;
				DEVELOPMENT_ASSET_PATHS = "\"CoreDataProject/Preview Content\"";
				ENABLE_PREVIEWS = YES;
				GENERATE_INFOPLIST_FILE = YES;
				INFOPLIST_KEY_UIApplicationSceneManifest_Generation = YES;
				INFOPLIST_KEY_UIApplicationSupportsIndirectInputEvents = YES;
				INFOPLIST_KEY_UILaunchScreen_Generation = YES;
				INFOPLIST_KEY_UISupportedInterfaceOrientations_iPad = "UIInterfaceOrientationPortrait UIInterfaceOrientationPortraitUpsideDown UIInterfaceOrientationLandscapeLeft UIInterfaceOrientationLandscapeRight";
				INFOPLIST_KEY_UISupportedInterfaceOrientations_iPhone = "UIInterfaceOrientationPortrait UIInterfaceOrientationLandscapeLeft UIInterfaceOrientationLandscapeRight";
				LD_RUNPATH_SEARCH_PATHS = (
					"$(inherited)",
					"@executable_path/Frameworks",
				);
				MARKETING_VERSION = 1.0;
				PRODUCT_BUNDLE_IDENTIFIER = temp.CoreDataProject;
				PRODUCT_NAME = "$(TARGET_NAME)";
				SWIFT_EMIT_LOC_STRINGS = YES;
				SWIFT_VERSION = 5.0;
				TARGETED_DEVICE_FAMILY = "1,2";
			};
			name = Debug;
		};
		744DE3392B0A400200EE4BAB /* Release */ = {
			isa = XCBuildConfiguration;
			buildSettings = {
				ASSETCATALOG_COMPILER_APPICON_NAME = AppIcon;
				ASSETCATALOG_COMPILER_GLOBAL_ACCENT_COLOR_NAME = AccentColor;
				CODE_SIGN_STYLE = Automatic;
				CURRENT_PROJECT_VERSION = 1;
				DEVELOPMENT_ASSET_PATHS = "\"CoreDataProject/Preview Content\"";
				ENABLE_PREVIEWS = YES;
				GENERATE_INFOPLIST_FILE = YES;
				INFOPLIST_KEY_UIApplicationSceneManifest_Generation = YES;
				INFOPLIST_KEY_UIApplicationSupportsIndirectInputEvents = YES;
				INFOPLIST_KEY_UILaunchScreen_Generation = YES;
				INFOPLIST_KEY_UISupportedInterfaceOrientations_iPad = "UIInterfaceOrientationPortrait UIInterfaceOrientationPortraitUpsideDown UIInterfaceOrientationLandscapeLeft UIInterfaceOrientationLandscapeRight";
				INFOPLIST_KEY_UISupportedInterfaceOrientations_iPhone = "UIInterfaceOrientationPortrait UIInterfaceOrientationLandscapeLeft UIInterfaceOrientationLandscapeRight";
				LD_RUNPATH_SEARCH_PATHS = (
					"$(inherited)",
					"@executable_path/Frameworks",
				);
				MARKETING_VERSION = 1.0;
				PRODUCT_BUNDLE_IDENTIFIER = temp.CoreDataProject;
				PRODUCT_NAME = "$(TARGET_NAME)";
				SWIFT_EMIT_LOC_STRINGS = YES;
				SWIFT_VERSION = 5.0;
				TARGETED_DEVICE_FAMILY = "1,2";
			};
			name = Release;
		};
/* End XCBuildConfiguration section */

/* Begin XCConfigurationList section */
		744DE3242B0A400100EE4BAB /* Build configuration list for PBXProject "CoreDataProject" */ = {
			isa = XCConfigurationList;
			buildConfigurations = (
				744DE3352B0A400200EE4BAB /* Debug */,
				744DE3362B0A400200EE4BAB /* Release */,
			);
			defaultConfigurationIsVisible = 0;
			defaultConfigurationName = Release;
		};
		744DE3372B0A400200EE4BAB /* Build configuration list for PBXNativeTarget "CoreDataProject" */ = {
			isa = XCConfigurationList;
			buildConfigurations = (
				744DE3382B0A400200EE4BAB /* Debug */,
				744DE3392B0A400200EE4BAB /* Release */,
			);
			defaultConfigurationIsVisible = 0;
			defaultConfigurationName = Release;
		};
/* End XCConfigurationList section */

/* Begin XCVersionGroup section */
		742F59592B0BA6AF00BB764B /* RelationCoreData.xcdatamodeld */ = {
			isa = XCVersionGroup;
			children = (
				742F595A2B0BA6AF00BB764B /* RelationCoreData.xcdatamodel */,
			);
			currentVersion = 742F595A2B0BA6AF00BB764B /* RelationCoreData.xcdatamodel */;
			path = RelationCoreData.xcdatamodeld;
			sourceTree = "<group>";
			versionGroupType = wrapper.xcdatamodel;
		};
		744DE33A2B0A532D00EE4BAB /* CoreDataProject.xcdatamodeld */ = {
			isa = XCVersionGroup;
			children = (
				744DE33B2B0A532D00EE4BAB /* CoreDataProject.xcdatamodel */,
			);
			currentVersion = 744DE33B2B0A532D00EE4BAB /* CoreDataProject.xcdatamodel */;
			path = CoreDataProject.xcdatamodeld;
			sourceTree = "<group>";
			versionGroupType = wrapper.xcdatamodel;
		};
/* End XCVersionGroup section */
	};
	rootObject = 744DE3212B0A400100EE4BAB /* Project object */;
}
